// !$*UTF8*$!
{
	archiveVersion = 1;
	classes = {
	};
	objectVersion = 46;
	objects = {

/* Begin PBXBuildFile section */
		6D55F5BF1A295542004C7595 /* AppDelegate.swift in Sources */ = {isa = PBXBuildFile; fileRef = 6D55F5BE1A295542004C7595 /* AppDelegate.swift */; };
		6D55F5C11A295542004C7595 /* ViewController.swift in Sources */ = {isa = PBXBuildFile; fileRef = 6D55F5C01A295542004C7595 /* ViewController.swift */; };
		6D55F5C41A295542004C7595 /* Main.storyboard in Resources */ = {isa = PBXBuildFile; fileRef = 6D55F5C21A295542004C7595 /* Main.storyboard */; };
		6D55F5C61A295542004C7595 /* Images.xcassets in Resources */ = {isa = PBXBuildFile; fileRef = 6D55F5C51A295542004C7595 /* Images.xcassets */; };
		6D55F5C91A295542004C7595 /* LaunchScreen.xib in Resources */ = {isa = PBXBuildFile; fileRef = 6D55F5C71A295542004C7595 /* LaunchScreen.xib */; };
		6D55F5D51A295542004C7595 /* iLihuxAutoLayoutTests.swift in Sources */ = {isa = PBXBuildFile; fileRef = 6D55F5D41A295542004C7595 /* iLihuxAutoLayoutTests.swift */; };
/* End PBXBuildFile section */

/* Begin PBXContainerItemProxy section */
		6D55F5CF1A295542004C7595 /* PBXContainerItemProxy */ = {
			isa = PBXContainerItemProxy;
			containerPortal = 6D55F5B11A295542004C7595 /* Project object */;
			proxyType = 1;
			remoteGlobalIDString = 6D55F5B81A295542004C7595;
			remoteInfo = iLihuxAutoLayout;
		};
/* End PBXContainerItemProxy section */

/* Begin PBXFileReference section */
		6D55F5B91A295542004C7595 /* iLihuxAutoLayoutInSwift.app */ = {isa = PBXFileReference; explicitFileType = wrapper.application; includeInIndex = 0; path = iLihuxAutoLayoutInSwift.app; sourceTree = BUILT_PRODUCTS_DIR; };
		6D55F5BD1A295542004C7595 /* Info.plist */ = {isa = PBXFileReference; lastKnownFileType = text.plist.xml; path = Info.plist; sourceTree = "<group>"; };
		6D55F5BE1A295542004C7595 /* AppDelegate.swift */ = {isa = PBXFileReference; lastKnownFileType = sourcecode.swift; path = AppDelegate.swift; sourceTree = "<group>"; };
		6D55F5C01A295542004C7595 /* ViewController.swift */ = {isa = PBXFileReference; lastKnownFileType = sourcecode.swift; path = ViewController.swift; sourceTree = "<group>"; };
		6D55F5C31A295542004C7595 /* Base */ = {isa = PBXFileReference; lastKnownFileType = file.storyboard; name = Base; path = Base.lproj/Main.storyboard; sourceTree = "<group>"; };
		6D55F5C51A295542004C7595 /* Images.xcassets */ = {isa = PBXFileReference; lastKnownFileType = folder.assetcatalog; path = Images.xcassets; sourceTree = "<group>"; };
		6D55F5C81A295542004C7595 /* Base */ = {isa = PBXFileReference; lastKnownFileType = file.xib; name = Base; path = Base.lproj/LaunchScreen.xib; sourceTree = "<group>"; };
		6D55F5CE1A295542004C7595 /* iLihuxAutoLayoutInSwiftTests.xctest */ = {isa = PBXFileReference; explicitFileType = wrapper.cfbundle; includeInIndex = 0; path = iLihuxAutoLayoutInSwiftTests.xctest; sourceTree = BUILT_PRODUCTS_DIR; };
		6D55F5D31A295542004C7595 /* Info.plist */ = {isa = PBXFileReference; lastKnownFileType = text.plist.xml; path = Info.plist; sourceTree = "<group>"; };
		6D55F5D41A295542004C7595 /* iLihuxAutoLayoutTests.swift */ = {isa = PBXFileReference; lastKnownFileType = sourcecode.swift; path = iLihuxAutoLayoutTests.swift; sourceTree = "<group>"; };
/* End PBXFileReference section */

/* Begin PBXFrameworksBuildPhase section */
		6D55F5B61A295542004C7595 /* Frameworks */ = {
			isa = PBXFrameworksBuildPhase;
			buildActionMask = 2147483647;
			files = (
			);
			runOnlyForDeploymentPostprocessing = 0;
		};
		6D55F5CB1A295542004C7595 /* Frameworks */ = {
			isa = PBXFrameworksBuildPhase;
			buildActionMask = 2147483647;
			files = (
			);
			runOnlyForDeploymentPostprocessing = 0;
		};
/* End PBXFrameworksBuildPhase section */

/* Begin PBXGroup section */
		6D55F5B01A295542004C7595 = {
			isa = PBXGroup;
			children = (
				6D55F5BB1A295542004C7595 /* iLihuxAutoLayout */,
				6D55F5D11A295542004C7595 /* iLihuxAutoLayoutTests */,
				6D55F5BA1A295542004C7595 /* Products */,
			);
			sourceTree = "<group>";
		};
		6D55F5BA1A295542004C7595 /* Products */ = {
			isa = PBXGroup;
			children = (
				6D55F5B91A295542004C7595 /* iLihuxAutoLayoutInSwift.app */,
				6D55F5CE1A295542004C7595 /* iLihuxAutoLayoutInSwiftTests.xctest */,
			);
			name = Products;
			sourceTree = "<group>";
		};
		6D55F5BB1A295542004C7595 /* iLihuxAutoLayout */ = {
			isa = PBXGroup;
			children = (
				6D55F5BE1A295542004C7595 /* AppDelegate.swift */,
				6D55F5C01A295542004C7595 /* ViewController.swift */,
				6D55F5C21A295542004C7595 /* Main.storyboard */,
				6D55F5C51A295542004C7595 /* Images.xcassets */,
				6D55F5C71A295542004C7595 /* LaunchScreen.xib */,
				6D55F5BC1A295542004C7595 /* Supporting Files */,
			);
			path = iLihuxAutoLayout;
			sourceTree = "<group>";
		};
		6D55F5BC1A295542004C7595 /* Supporting Files */ = {
			isa = PBXGroup;
			children = (
				6D55F5BD1A295542004C7595 /* Info.plist */,
			);
			name = "Supporting Files";
			sourceTree = "<group>";
		};
		6D55F5D11A295542004C7595 /* iLihuxAutoLayoutTests */ = {
			isa = PBXGroup;
			children = (
				6D55F5D41A295542004C7595 /* iLihuxAutoLayoutTests.swift */,
				6D55F5D21A295542004C7595 /* Supporting Files */,
			);
			path = iLihuxAutoLayoutTests;
			sourceTree = "<group>";
		};
		6D55F5D21A295542004C7595 /* Supporting Files */ = {
			isa = PBXGroup;
			children = (
				6D55F5D31A295542004C7595 /* Info.plist */,
			);
			name = "Supporting Files";
			sourceTree = "<group>";
		};
/* End PBXGroup section */

/* Begin PBXNativeTarget section */
		6D55F5B81A295542004C7595 /* iLihuxAutoLayoutInSwift */ = {
			isa = PBXNativeTarget;
			buildConfigurationList = 6D55F5D81A295542004C7595 /* Build configuration list for PBXNativeTarget "iLihuxAutoLayoutInSwift" */;
			buildPhases = (
				6D55F5B51A295542004C7595 /* Sources */,
				6D55F5B61A295542004C7595 /* Frameworks */,
				6D55F5B71A295542004C7595 /* Resources */,
			);
			buildRules = (
			);
			dependencies = (
			);
			name = iLihuxAutoLayoutInSwift;
			productName = iLihuxAutoLayout;
			productReference = 6D55F5B91A295542004C7595 /* iLihuxAutoLayoutInSwift.app */;
			productType = "com.apple.product-type.application";
		};
		6D55F5CD1A295542004C7595 /* iLihuxAutoLayoutInSwiftTests */ = {
			isa = PBXNativeTarget;
			buildConfigurationList = 6D55F5DB1A295542004C7595 /* Build configuration list for PBXNativeTarget "iLihuxAutoLayoutInSwiftTests" */;
			buildPhases = (
				6D55F5CA1A295542004C7595 /* Sources */,
				6D55F5CB1A295542004C7595 /* Frameworks */,
				6D55F5CC1A295542004C7595 /* Resources */,
			);
			buildRules = (
			);
			dependencies = (
				6D55F5D01A295542004C7595 /* PBXTargetDependency */,
			);
			name = iLihuxAutoLayoutInSwiftTests;
			productName = iLihuxAutoLayoutTests;
			productReference = 6D55F5CE1A295542004C7595 /* iLihuxAutoLayoutInSwiftTests.xctest */;
			productType = "com.apple.product-type.bundle.unit-test";
		};
/* End PBXNativeTarget section */

/* Begin PBXProject section */
		6D55F5B11A295542004C7595 /* Project object */ = {
			isa = PBXProject;
			attributes = {
				LastUpgradeCheck = 0610;
				ORGANIZATIONNAME = lihux;
				TargetAttributes = {
					6D55F5B81A295542004C7595 = {
						CreatedOnToolsVersion = 6.1;
					};
					6D55F5CD1A295542004C7595 = {
						CreatedOnToolsVersion = 6.1;
						TestTargetID = 6D55F5B81A295542004C7595;
					};
				};
			};
			buildConfigurationList = 6D55F5B41A295542004C7595 /* Build configuration list for PBXProject "iLihuxAutoLayoutInSwift" */;
			compatibilityVersion = "Xcode 3.2";
			developmentRegion = English;
			hasScannedForEncodings = 0;
			knownRegions = (
				en,
				Base,
			);
			mainGroup = 6D55F5B01A295542004C7595;
			productRefGroup = 6D55F5BA1A295542004C7595 /* Products */;
			projectDirPath = "";
			projectRoot = "";
			targets = (
				6D55F5B81A295542004C7595 /* iLihuxAutoLayoutInSwift */,
				6D55F5CD1A295542004C7595 /* iLihuxAutoLayoutInSwiftTests */,
			);
		};
/* End PBXProject section */

/* Begin PBXResourcesBuildPhase section */
		6D55F5B71A295542004C7595 /* Resources */ = {
			isa = PBXResourcesBuildPhase;
			buildActionMask = 2147483647;
			files = (
				6D55F5C41A295542004C7595 /* Main.storyboard in Resources */,
				6D55F5C91A295542004C7595 /* LaunchScreen.xib in Resources */,
				6D55F5C61A295542004C7595 /* Images.xcassets in Resources */,
			);
			runOnlyForDeploymentPostprocessing = 0;
		};
		6D55F5CC1A295542004C7595 /* Resources */ = {
			isa = PBXResourcesBuildPhase;
			buildActionMask = 2147483647;
			files = (
			);
			runOnlyForDeploymentPostprocessing = 0;
		};
/* End PBXResourcesBuildPhase section */

/* Begin PBXSourcesBuildPhase section */
		6D55F5B51A295542004C7595 /* Sources */ = {
			isa = PBXSourcesBuildPhase;
			buildActionMask = 2147483647;
			files = (
				6D55F5C11A295542004C7595 /* ViewController.swift in Sources */,
				6D55F5BF1A295542004C7595 /* AppDelegate.swift in Sources */,
			);
			runOnlyForDeploymentPostprocessing = 0;
		};
		6D55F5CA1A295542004C7595 /* Sources */ = {
			isa = PBXSourcesBuildPhase;
			buildActionMask = 2147483647;
			files = (
				6D55F5D51A295542004C7595 /* iLihuxAutoLayoutTests.swift in Sources */,
			);
			runOnlyForDeploymentPostprocessing = 0;
		};
/* End PBXSourcesBuildPhase section */

/* Begin PBXTargetDependency section */
		6D55F5D01A295542004C7595 /* PBXTargetDependency */ = {
			isa = PBXTargetDependency;
			target = 6D55F5B81A295542004C7595 /* iLihuxAutoLayoutInSwift */;
			targetProxy = 6D55F5CF1A295542004C7595 /* PBXContainerItemProxy */;
		};
/* End PBXTargetDependency section */

/* Begin PBXVariantGroup section */
		6D55F5C21A295542004C7595 /* Main.storyboard */ = {
			isa = PBXVariantGroup;
			children = (
				6D55F5C31A295542004C7595 /* Base */,
			);
			name = Main.storyboard;
			sourceTree = "<group>";
		};
		6D55F5C71A295542004C7595 /* LaunchScreen.xib */ = {
			isa = PBXVariantGroup;
			children = (
				6D55F5C81A295542004C7595 /* Base */,
			);
			name = LaunchScreen.xib;
			sourceTree = "<group>";
		};
/* End PBXVariantGroup section */

/* Begin XCBuildConfiguration section */
		6D55F5D61A295542004C7595 /* Debug */ = {
			isa = XCBuildConfiguration;
			buildSettings = {
				ALWAYS_SEARCH_USER_PATHS = NO;
				CLANG_CXX_LANGUAGE_STANDARD = "gnu++0x";
				CLANG_CXX_LIBRARY = "libc++";
				CLANG_ENABLE_MODULES = YES;
				CLANG_ENABLE_OBJC_ARC = YES;
				CLANG_WARN_BOOL_CONVERSION = YES;
				CLANG_WARN_CONSTANT_CONVERSION = YES;
				CLANG_WARN_DIRECT_OBJC_ISA_USAGE = YES_ERROR;
				CLANG_WARN_EMPTY_BODY = YES;
				CLANG_WARN_ENUM_CONVERSION = YES;
				CLANG_WARN_INT_CONVERSION = YES;
				CLANG_WARN_OBJC_ROOT_CLASS = YES_ERROR;
				CLANG_WARN_UNREACHABLE_CODE = YES;
				CLANG_WARN__DUPLICATE_METHOD_MATCH = YES;
				"CODE_SIGN_IDENTITY[sdk=iphoneos*]" = "iPhone Developer";
				COPY_PHASE_STRIP = NO;
				ENABLE_STRICT_OBJC_MSGSEND = YES;
				GCC_C_LANGUAGE_STANDARD = gnu99;
				GCC_DYNAMIC_NO_PIC = NO;
				GCC_OPTIMIZATION_LEVEL = 0;
				GCC_PREPROCESSOR_DEFINITIONS = (
					"DEBUG=1",
					"$(inherited)",
				);
				GCC_SYMBOLS_PRIVATE_EXTERN = NO;
				GCC_WARN_64_TO_32_BIT_CONVERSION = YES;
				GCC_WARN_ABOUT_RETURN_TYPE = YES_ERROR;
				GCC_WARN_UNDECLARED_SELECTOR = YES;
				GCC_WARN_UNINITIALIZED_AUTOS = YES_AGGRESSIVE;
				GCC_WARN_UNUSED_FUNCTION = YES;
				GCC_WARN_UNUSED_VARIABLE = YES;
				IPHONEOS_DEPLOYMENT_TARGET = 8.1;
				MTL_ENABLE_DEBUG_INFO = YES;
				ONLY_ACTIVE_ARCH = YES;
				SDKROOT = iphoneos;
				SWIFT_OPTIMIZATION_LEVEL = "-Onone";
			};
			name = Debug;
		};
		6D55F5D71A295542004C7595 /* Release */ = {
			isa = XCBuildConfiguration;
			buildSettings = {
				ALWAYS_SEARCH_USER_PATHS = NO;
				CLANG_CXX_LANGUAGE_STANDARD = "gnu++0x";
				CLANG_CXX_LIBRARY = "libc++";
				CLANG_ENABLE_MODULES = YES;
				CLANG_ENABLE_OBJC_ARC = YES;
				CLANG_WARN_BOOL_CONVERSION = YES;
				CLANG_WARN_CONSTANT_CONVERSION = YES;
				CLANG_WARN_DIRECT_OBJC_ISA_USAGE = YES_ERROR;
				CLANG_WARN_EMPTY_BODY = YES;
				CLANG_WARN_ENUM_CONVERSION = YES;
				CLANG_WARN_INT_CONVERSION = YES;
				CLANG_WARN_OBJC_ROOT_CLASS = YES_ERROR;
				CLANG_WARN_UNREACHABLE_CODE = YES;
				CLANG_WARN__DUPLICATE_METHOD_MATCH = YES;
				"CODE_SIGN_IDENTITY[sdk=iphoneos*]" = "iPhone Developer";
				COPY_PHASE_STRIP = YES;
				ENABLE_NS_ASSERTIONS = NO;
				ENABLE_STRICT_OBJC_MSGSEND = YES;
				GCC_C_LANGUAGE_STANDARD = gnu99;
				GCC_WARN_64_TO_32_BIT_CONVERSION = YES;
				GCC_WARN_ABOUT_RETURN_TYPE = YES_ERROR;
				GCC_WARN_UNDECLARED_SELECTOR = YES;
				GCC_WARN_UNINITIALIZED_AUTOS = YES_AGGRESSIVE;
				GCC_WARN_UNUSED_FUNCTION = YES;
				GCC_WARN_UNUSED_VARIABLE = YES;
				IPHONEOS_DEPLOYMENT_TARGET = 8.1;
				MTL_ENABLE_DEBUG_INFO = NO;
				SDKROOT = iphoneos;
				VALIDATE_PRODUCT = YES;
			};
			name = Release;
		};
		6D55F5D91A295542004C7595 /* Debug */ = {
			isa = XCBuildConfiguration;
			buildSettings = {
				ASSETCATALOG_COMPILER_APPICON_NAME = AppIcon;
				INFOPLIST_FILE = iLihuxAutoLayout/Info.plist;
				LD_RUNPATH_SEARCH_PATHS = "$(inherited) @executable_path/Frameworks";
				PRODUCT_NAME = iLihuxAutoLayoutInSwift;
			};
			name = Debug;
		};
		6D55F5DA1A295542004C7595 /* Release */ = {
			isa = XCBuildConfiguration;
			buildSettings = {
				ASSETCATALOG_COMPILER_APPICON_NAME = AppIcon;
				INFOPLIST_FILE = iLihuxAutoLayout/Info.plist;
				LD_RUNPATH_SEARCH_PATHS = "$(inherited) @executable_path/Frameworks";
				PRODUCT_NAME = iLihuxAutoLayoutInSwift;
			};
			name = Release;
		};
		6D55F5DC1A295542004C7595 /* Debug */ = {
			isa = XCBuildConfiguration;
			buildSettings = {
				BUNDLE_LOADER = "$(TEST_HOST)";
				FRAMEWORK_SEARCH_PATHS = (
					"$(SDKROOT)/Developer/Library/Frameworks",
					"$(inherited)",
				);
				GCC_PREPROCESSOR_DEFINITIONS = (
					"DEBUG=1",
					"$(inherited)",
				);
				INFOPLIST_FILE = iLihuxAutoLayoutTests/Info.plist;
				LD_RUNPATH_SEARCH_PATHS = "$(inherited) @executable_path/Frameworks @loader_path/Frameworks";
				PRODUCT_NAME = iLihuxAutoLayoutInSwiftTests;
				TEST_HOST = "$(BUILT_PRODUCTS_DIR)/iLihuxAutoLayout.app/iLihuxAutoLayout";
			};
			name = Debug;
		};
		6D55F5DD1A295542004C7595 /* Release */ = {
			isa = XCBuildConfiguration;
			buildSettings = {
				BUNDLE_LOADER = "$(TEST_HOST)";
				FRAMEWORK_SEARCH_PATHS = (
					"$(SDKROOT)/Developer/Library/Frameworks",
					"$(inherited)",
				);
				INFOPLIST_FILE = iLihuxAutoLayoutTests/Info.plist;
				LD_RUNPATH_SEARCH_PATHS = "$(inherited) @executable_path/Frameworks @loader_path/Frameworks";
				PRODUCT_NAME = iLihuxAutoLayoutInSwiftTests;
				TEST_HOST = "$(BUILT_PRODUCTS_DIR)/iLihuxAutoLayout.app/iLihuxAutoLayout";
			};
			name = Release;
		};
/* End XCBuildConfiguration section */

/* Begin XCConfigurationList section */
		6D55F5B41A295542004C7595 /* Build configuration list for PBXProject "iLihuxAutoLayoutInSwift" */ = {
			isa = XCConfigurationList;
			buildConfigurations = (
				6D55F5D61A295542004C7595 /* Debug */,
				6D55F5D71A295542004C7595 /* Release */,
			);
			defaultConfigurationIsVisible = 0;
			defaultConfigurationName = Release;
		};
		6D55F5D81A295542004C7595 /* Build configuration list for PBXNativeTarget "iLihuxAutoLayoutInSwift" */ = {
			isa = XCConfigurationList;
			buildConfigurations = (
				6D55F5D91A295542004C7595 /* Debug */,
				6D55F5DA1A295542004C7595 /* Release */,
			);
			defaultConfigurationIsVisible = 0;
		};
		6D55F5DB1A295542004C7595 /* Build configuration list for PBXNativeTarget "iLihuxAutoLayoutInSwiftTests" */ = {
			isa = XCConfigurationList;
			buildConfigurations = (
				6D55F5DC1A295542004C7595 /* Debug */,
				6D55F5DD1A295542004C7595 /* Release */,
			);
			defaultConfigurationIsVisible = 0;
		};
/* End XCConfigurationList section */
	};
	rootObject = 6D55F5B11A295542004C7595 /* Project object */;
}
